
Microsoft Visual Studio Solution File, Format Version 12.00
# Visual Studio Version 16
VisualStudioVersion = 16.0.31321.278
MinimumVisualStudioVersion = 10.0.40219.1
Project("{2150E333-8FDC-42A3-9474-1A3956D46DE8}") = "Services", "Services", "{7903EDB7-9FB3-45D7-AA8B-AA4411847643}"
EndProject
Project("{2150E333-8FDC-42A3-9474-1A3956D46DE8}") = "Catalog", "Catalog", "{AB88B92B-8246-4773-9F25-850AD38D271B}"
EndProject
Project("{9A19103F-16F7-4668-BE54-9A1E7A4F7556}") = "Catalog.API", "Services\Catalog\Catalog.API\Catalog.API.csproj", "{62C81A6D-6B7C-43C0-91BA-DCDC9BF11C7D}"
EndProject
Project("{E53339B2-1760-4266-BCC7-CA923CBCF16C}") = "docker-compose", "docker-compose.dcproj", "{9662A1E5-2D87-4C01-BF70-768BF8F23061}"
EndProject
Global
	GlobalSection(SolutionConfigurationPlatforms) = preSolution
		Debug|Any CPU = Debug|Any CPU
		Release|Any CPU = Release|Any CPU
	EndGlobalSection
	GlobalSection(ProjectConfigurationPlatforms) = postSolution
		{62C81A6D-6B7C-43C0-91BA-DCDC9BF11C7D}.Debug|Any CPU.ActiveCfg = Debug|Any CPU
		{62C81A6D-6B7C-43C0-91BA-DCDC9BF11C7D}.Debug|Any CPU.Build.0 = Debug|Any CPU
		{62C81A6D-6B7C-43C0-91BA-DCDC9BF11C7D}.Release|Any CPU.ActiveCfg = Release|Any CPU
		{62C81A6D-6B7C-43C0-91BA-DCDC9BF11C7D}.Release|Any CPU.Build.0 = Release|Any CPU
		{9662A1E5-2D87-4C01-BF70-768BF8F23061}.Debug|Any CPU.ActiveCfg = Debug|Any CPU
		{9662A1E5-2D87-4C01-BF70-768BF8F23061}.Debug|Any CPU.Build.0 = Debug|Any CPU
		{9662A1E5-2D87-4C01-BF70-768BF8F23061}.Release|Any CPU.ActiveCfg = Release|Any CPU
		{9662A1E5-2D87-4C01-BF70-768BF8F23061}.Release|Any CPU.Build.0 = Release|Any CPU
	EndGlobalSection
	GlobalSection(SolutionProperties) = preSolution
		HideSolutionNode = FALSE
	EndGlobalSection
	GlobalSection(NestedProjects) = preSolution
		{AB88B92B-8246-4773-9F25-850AD38D271B} = {7903EDB7-9FB3-45D7-AA8B-AA4411847643}
		{62C81A6D-6B7C-43C0-91BA-DCDC9BF11C7D} = {AB88B92B-8246-4773-9F25-850AD38D271B}
	EndGlobalSection
	GlobalSection(ExtensibilityGlobals) = postSolution
		SolutionGuid = {36800920-8E29-4A0B-A369-762C7365B6C5}
	EndGlobalSection
EndGlobal
